version = 1
okr-version = "0.1.8"
generated = "1970-01-01T00:00:00Z"
config-digest = "sha256:f08e1203bdb3399d94f0fb5194523c4fa5ee151ad16b349f5c1e8df4377bdcf5"
environment-digest = "sha256:2ad84325afafab80b1ee8e496b434911e714e5d8f7a5d614a9196fb78bf09c57"
package = []

[[reference]]
name = "anyhow"
source = "github::dtolnay/anyhow"
ref = "1.0.104"
commit = "1dbe1862aae650423e3361fbd20b7d17c5109cc3"
fetch-method = "forge-tarball"
artifact-digest = "sha256:618f43379d5cb5685a89cd3e83829d2c38021ff8cb475beb1294d5f8b81ea59a"
tree-digest = "sha256:2ea647827e4ab09987ea7c959a1118e28030a13c288104f6f6b7b1cfa8eb06fb"
license = "Apache-2.0"

[[reference]]
name = "chrono"
source = "github::chronotope/chrono"
ref = "v0.4.45"
commit = "170338250e836976a211e64728ec956e45e78a39"
fetch-method = "forge-tarball"
artifact-digest = "sha256:0ca04ce93748d1593a136efb26f5b4064077d71b47fd4e9de70cdc1258f525e7"
tree-digest = "sha256:c02685d2f3a5a21f6d94c886d0102658033cf4f016ed7afa11de7bbf57764c65"
license = "MIT"

[[reference]]
name = "clap"
source = "github::clap-rs/clap"
ref = "v4.6.6"
commit = "4a622b4340d5e1fffff60c0ecefdc6882f738159"
fetch-method = "forge-tarball"
artifact-digest = "sha256:cccc01e2c6ea1a65337e2a28dfa2b45f423b4f1095092162e9de79374874a968"
tree-digest = "sha256:b043fc570beb60962c3fec7b88fc1ce78b2fd797fa3238ff2c56775586718c77"
license = "Apache-2.0"

[[reference]]
name = "ignore"
source = "github::BurntSushi/ripgrep"
ref = "15.2.0"
commit = "e89fff89ac9af12e8d4ce9d5fd07beb408ca730f"
fetch-method = "forge-tarball"
artifact-digest = "sha256:af40d0f4cb7a55994906c009a7ba865047f0d487c95bceb8db59ffc4f2173d20"
tree-digest = "sha256:12911365fa4108eecb053f83d3834cef4ab3cb4a5a331f9c82fefee2f8e8e390"
license = "MIT"

[[reference]]
name = "jiff"
source = "github::BurntSushi/jiff"
ref = "0.2.35"
commit = "2584cff71daebd477afe241cf049d4ccf595b855"
fetch-method = "forge-tarball"
artifact-digest = "sha256:5c10d223e6d1e3e3bf9bb6130f6ab6fac9c070c8148b4f54067d5bd2fb94c34b"
tree-digest = "sha256:d64fd83de5aba530ed8aad2bfb79f0ef3758c060e9894416957d1724f84d5672"
license = "MIT"

[[reference]]
name = "okr"
source = "github::nanxstats/okr"
ref = "v0.1.8"
commit = "2fdc4eb07d8b87168937de7868762eba6af87fc1"
fetch-method = "forge-tarball"
artifact-digest = "sha256:3338af825b840267c144c31161b441044d0cd11bb54d720264ed9ac8355d7df3"
tree-digest = "sha256:961b2b2f07f2258b08fbce4e20efd879898f4eed393b1ee0d12ffd23058eb727"
license = "MIT"

[[reference]]
name = "pulldown-cmark"
source = "github::pulldown-cmark/pulldown-cmark"
ref = "v0.13.4"
commit = "38e4d08f14ec4bd9783270e9623db7681ebed968"
fetch-method = "forge-tarball"
artifact-digest = "sha256:e41cfb81109dcb278c67992db46b5ad8674f86e98b92119f5e78a6d2e091f047"
tree-digest = "sha256:41f1673506c7095d2a2f2441099c76c35a1c03c7ed1272d26414557e75d547e5"
license = "MIT"

[[reference]]
name = "saphyr"
source = "github::saphyr-rs/saphyr"
ref = "v0.0.12"
commit = "5c45acd365c711e3d92f0ed4a0ceabe349cde514"
fetch-method = "forge-tarball"
artifact-digest = "sha256:f2a455c97e2d27fe658aef320d9878a0095120cdef0c8271020d29e46e9bd627"
tree-digest = "sha256:ec64afbf3a9b565ad724a015650bca0c27a870f0ad9c3343d80a35d7b2f266e7"

[[reference]]
name = "serde"
source = "github::serde-rs/serde"
ref = "v1.0.229"
commit = "7fc3b4c30c94f73a96ebd1553f2b090d928fc3a8"
fetch-method = "forge-tarball"
artifact-digest = "sha256:bf75f83a1020f0d37a70221b96bd7571fdf3ec7f24838bd739704d2870629108"
tree-digest = "sha256:780bd2732f77a980a7a1c961d9ce30b6a7ffcc6e102bfe41cddf906c99b19a07"
license = "Apache-2.0"

[[reference]]
name = "serde-saphyr"
source = "github::bourumir-wyngs/serde-saphyr"
ref = "1.2.0"
commit = "45042059e6905e833516f52d958cba4c16e8cedd"
fetch-method = "forge-tarball"
artifact-digest = "sha256:04f3fa8ca557a0e48bdfc29cc50b568224017d8d4301697fd5158a25981960e7"
tree-digest = "sha256:f698b7634a456bd74569ee47e95bb31c95c910b069afa202690cc024133057e2"
license = "Apache-2.0"

[[reference]]
name = "serde_json"
source = "github::serde-rs/json"
ref = "v1.0.151"
commit = "de8500740cdcabffb9734f503e4889def823cf10"
fetch-method = "forge-tarball"
artifact-digest = "sha256:965552c28e251fc315f646e26b39a9b2a6e0b6278c1dcfff443ad22c857b78a7"
tree-digest = "sha256:026ab140e8aa0cab8cb816c13c0393d8cf4bae8295499c3405a0a20cf087e07d"
license = "Apache-2.0"

[[reference]]
name = "thiserror"
source = "github::dtolnay/thiserror"
ref = "2.0.20"
commit = "b1d5db5e039275d95bf7536a2b2192aeb4dc28bf"
fetch-method = "forge-tarball"
artifact-digest = "sha256:aeb8a591af3faa772b99aa6de99d918f43044ded9e0ec61be934d8b3ee0ce07b"
tree-digest = "sha256:564d3d1d2913e456de6d64cf11278a2c5c07a06f9b476f16a63c0c08f3efba33"
license = "Apache-2.0"
